
Microsoft Visual Studio Solution File, Format Version 12.00
# Visual Studio Version 17
VisualStudioVersion = 17.2.32210.308
MinimumVisualStudioVersion = 10.0.40219.1
Project("{9A19103F-16F7-4668-BE54-9A1E7A4F7556}") = "Contoso.Payment.API", "Contoso.Payment.API\Contoso.Payment.API.csproj", "{C45AD378-31DB-4535-AC1A-418944CAB20F}"
EndProject
Project("{FAE04EC0-301F-11D3-BF4B-00C04F79EFBC}") = "Contoso.Payment.UnitTests", "Contoso.Payment.UnitTests\Contoso.Payment.UnitTests.csproj", "{B05853A9-AD1A-452B-9B13-5521311C6667}"
EndProject
Project("{FAE04EC0-301F-11D3-BF4B-00C04F79EFBC}") = "Contoso.Payment.IntegrationTests", "Contoso.Payment.IntegrationTests\Contoso.Payment.IntegrationTests.csproj", "{C723AD01-4914-44C6-A76E-31E6A7273976}"
EndProject
Global
	GlobalSection(SolutionConfigurationPlatforms) = preSolution
		Debug|Any CPU = Debug|Any CPU
		Release|Any CPU = Release|Any CPU
	EndGlobalSection
	GlobalSection(ProjectConfigurationPlatforms) = postSolution
		{C45AD378-31DB-4535-AC1A-418944CAB20F}.Debug|Any CPU.ActiveCfg = Debug|Any CPU
		{C45AD378-31DB-4535-AC1A-418944CAB20F}.Debug|Any CPU.Build.0 = Debug|Any CPU
		{C45AD378-31DB-4535-AC1A-418944CAB20F}.Release|Any CPU.ActiveCfg = Release|Any CPU
		{C45AD378-31DB-4535-AC1A-418944CAB20F}.Release|Any CPU.Build.0 = Release|Any CPU
		{B05853A9-AD1A-452B-9B13-5521311C6667}.Debug|Any CPU.ActiveCfg = Debug|Any CPU
		{B05853A9-AD1A-452B-9B13-5521311C6667}.Debug|Any CPU.Build.0 = Debug|Any CPU
		{B05853A9-AD1A-452B-9B13-5521311C6667}.Release|Any CPU.ActiveCfg = Release|Any CPU
		{B05853A9-AD1A-452B-9B13-5521311C6667}.Release|Any CPU.Build.0 = Release|Any CPU
		{C723AD01-4914-44C6-A76E-31E6A7273976}.Debug|Any CPU.ActiveCfg = Debug|Any CPU
		{C723AD01-4914-44C6-A76E-31E6A7273976}.Debug|Any CPU.Build.0 = Debug|Any CPU
		{C723AD01-4914-44C6-A76E-31E6A7273976}.Release|Any CPU.ActiveCfg = Release|Any CPU
		{C723AD01-4914-44C6-A76E-31E6A7273976}.Release|Any CPU.Build.0 = Release|Any CPU
	EndGlobalSection
	GlobalSection(SolutionProperties) = preSolution
		HideSolutionNode = FALSE
	EndGlobalSection
	GlobalSection(ExtensibilityGlobals) = postSolution
		SolutionGuid = {67E52909-9474-4AA0-9B07-ED299CEE2DDC}
	EndGlobalSection
EndGlobal
